github.com/gin-gonic/gin v1.10.0 h1:nTuyha1TYqgedzytsKYqna+DfLos46nTv2ygFy86HFU=
github.com/gin-gonic/gin v1.10.0/go.mod h1:4PMNQiOhvDRa013RKVbsiNwoyezlm2rm0uX/T7kzp5Y=
github.com/Jisin0/filmigo v0.3.0 h1:hash_placeholder_for_filmigo
github.com/Jisin0/filmigo v0.3.0/go.mod h1:mod_placeholder_for_filmigo
